
Microsoft Visual Studio Solution File, Format Version 12.00
# Visual Studio Version 17
VisualStudioVersion = 17.0.32112.339
MinimumVisualStudioVersion = 10.0.40219.1
Project("{9A19103F-16F7-4668-BE54-9A1E7A4F7556}") = "TestBD", "TestBD\TestBD.csproj", "{F15764E5-906F-4CAA-9C75-27DBAFD15AD7}"
EndProject
Project("{9A19103F-16F7-4668-BE54-9A1E7A4F7556}") = "API_Server", "API_Server\API_Server.csproj", "{6945A264-EBE4-4C7C-A8DD-4C0BB0DE8C61}"
EndProject
Project("{9A19103F-16F7-4668-BE54-9A1E7A4F7556}") = "Service", "Service\Service.csproj", "{B1E1E124-833A-462A-89D7-07FA7C7487C4}"
EndProject
Project("{9A19103F-16F7-4668-BE54-9A1E7A4F7556}") = "Domain", "Domain\Domain.csproj", "{80E70922-1EC0-4B55-8D9E-3263FD606F8C}"
EndProject
Project("{9A19103F-16F7-4668-BE54-9A1E7A4F7556}") = "Repository", "Repository\Repository.csproj", "{195E5EF4-26B6-4FAC-B529-AFC7E34943EC}"
EndProject
Project("{2150E333-8FDC-42A3-9474-1A3956D46DE8}") = "ConnectAPI", "ConnectAPI", "{9DA02205-91C0-4BBC-910D-75D8FE168D2E}"
EndProject
Project("{2150E333-8FDC-42A3-9474-1A3956D46DE8}") = "ConnectSqlDapper", "ConnectSqlDapper", "{2C4227EF-A447-4C9A-846F-623218E0A9ED}"
EndProject
Project("{FAE04EC0-301F-11D3-BF4B-00C04F79EFBC}") = "ConnectAPI", "ConnectAPI\ConnectAPI.csproj", "{F33B1E48-0FF8-4426-8DB2-F8992DB8C95F}"
EndProject
Global
	GlobalSection(SolutionConfigurationPlatforms) = preSolution
		Debug|Any CPU = Debug|Any CPU
		Release|Any CPU = Release|Any CPU
	EndGlobalSection
	GlobalSection(ProjectConfigurationPlatforms) = postSolution
		{F15764E5-906F-4CAA-9C75-27DBAFD15AD7}.Debug|Any CPU.ActiveCfg = Debug|Any CPU
		{F15764E5-906F-4CAA-9C75-27DBAFD15AD7}.Debug|Any CPU.Build.0 = Debug|Any CPU
		{F15764E5-906F-4CAA-9C75-27DBAFD15AD7}.Release|Any CPU.ActiveCfg = Release|Any CPU
		{F15764E5-906F-4CAA-9C75-27DBAFD15AD7}.Release|Any CPU.Build.0 = Release|Any CPU
		{6945A264-EBE4-4C7C-A8DD-4C0BB0DE8C61}.Debug|Any CPU.ActiveCfg = Debug|Any CPU
		{6945A264-EBE4-4C7C-A8DD-4C0BB0DE8C61}.Debug|Any CPU.Build.0 = Debug|Any CPU
		{6945A264-EBE4-4C7C-A8DD-4C0BB0DE8C61}.Release|Any CPU.ActiveCfg = Release|Any CPU
		{6945A264-EBE4-4C7C-A8DD-4C0BB0DE8C61}.Release|Any CPU.Build.0 = Release|Any CPU
		{B1E1E124-833A-462A-89D7-07FA7C7487C4}.Debug|Any CPU.ActiveCfg = Debug|Any CPU
		{B1E1E124-833A-462A-89D7-07FA7C7487C4}.Debug|Any CPU.Build.0 = Debug|Any CPU
		{B1E1E124-833A-462A-89D7-07FA7C7487C4}.Release|Any CPU.ActiveCfg = Release|Any CPU
		{B1E1E124-833A-462A-89D7-07FA7C7487C4}.Release|Any CPU.Build.0 = Release|Any CPU
		{80E70922-1EC0-4B55-8D9E-3263FD606F8C}.Debug|Any CPU.ActiveCfg = Debug|Any CPU
		{80E70922-1EC0-4B55-8D9E-3263FD606F8C}.Debug|Any CPU.Build.0 = Debug|Any CPU
		{80E70922-1EC0-4B55-8D9E-3263FD606F8C}.Release|Any CPU.ActiveCfg = Release|Any CPU
		{80E70922-1EC0-4B55-8D9E-3263FD606F8C}.Release|Any CPU.Build.0 = Release|Any CPU
		{195E5EF4-26B6-4FAC-B529-AFC7E34943EC}.Debug|Any CPU.ActiveCfg = Debug|Any CPU
		{195E5EF4-26B6-4FAC-B529-AFC7E34943EC}.Debug|Any CPU.Build.0 = Debug|Any CPU
		{195E5EF4-26B6-4FAC-B529-AFC7E34943EC}.Release|Any CPU.ActiveCfg = Release|Any CPU
		{195E5EF4-26B6-4FAC-B529-AFC7E34943EC}.Release|Any CPU.Build.0 = Release|Any CPU
		{F33B1E48-0FF8-4426-8DB2-F8992DB8C95F}.Debug|Any CPU.ActiveCfg = Debug|Any CPU
		{F33B1E48-0FF8-4426-8DB2-F8992DB8C95F}.Debug|Any CPU.Build.0 = Debug|Any CPU
		{F33B1E48-0FF8-4426-8DB2-F8992DB8C95F}.Release|Any CPU.ActiveCfg = Release|Any CPU
		{F33B1E48-0FF8-4426-8DB2-F8992DB8C95F}.Release|Any CPU.Build.0 = Release|Any CPU
	EndGlobalSection
	GlobalSection(SolutionProperties) = preSolution
		HideSolutionNode = FALSE
	EndGlobalSection
	GlobalSection(NestedProjects) = preSolution
		{F33B1E48-0FF8-4426-8DB2-F8992DB8C95F} = {9DA02205-91C0-4BBC-910D-75D8FE168D2E}
	EndGlobalSection
	GlobalSection(ExtensibilityGlobals) = postSolution
		SolutionGuid = {DCC070A6-3388-476F-B9F3-6910478FC0A6}
	EndGlobalSection
EndGlobal
